# THIS IS AN AUTOGENERATED FILE. DO NOT EDIT THIS FILE DIRECTLY.
# yarn lockfile v1


"dotenv@^16.3.1":
  "integrity" "sha512-IPzF4w4/Rd94bA9imS68tZBaYyBWSCE47V1RGuMrB94iyTOIEwRmVL2x/4An+6mETpLrKJ5hQkB8W4kFAadeIQ=="
  "resolved" "https://registry.npmjs.org/dotenv/-/dotenv-16.3.1.tgz"
  "version" "16.3.1"
